
Microsoft Visual Studio Solution File, Format Version 12.00
# Visual Studio 15
VisualStudioVersion = 15.0.28010.2003
MinimumVisualStudioVersion = 10.0.40219.1
Project("{FAE04EC0-301F-11D3-BF4B-00C04F79EFBC}") = "productoBackend", "productoBackend\productoBackend.csproj", "{FD9D97A3-53DD-46AF-A899-540E6BE146E4}"
EndProject
Project("{FAE04EC0-301F-11D3-BF4B-00C04F79EFBC}") = "productoAPI", "productoAPI\productoAPI.csproj", "{74AE1C79-5580-4830-BD60-E71CB22FA81F}"
EndProject
Project("{FAE04EC0-301F-11D3-BF4B-00C04F79EFBC}") = "Api2", "Api2\Api2.csproj", "{7C606321-8483-4172-A7B5-B2724BB03476}"
EndProject
Global
	GlobalSection(SolutionConfigurationPlatforms) = preSolution
		Debug|Any CPU = Debug|Any CPU
		Release|Any CPU = Release|Any CPU
	EndGlobalSection
	GlobalSection(ProjectConfigurationPlatforms) = postSolution
		{FD9D97A3-53DD-46AF-A899-540E6BE146E4}.Debug|Any CPU.ActiveCfg = Debug|Any CPU
		{FD9D97A3-53DD-46AF-A899-540E6BE146E4}.Debug|Any CPU.Build.0 = Debug|Any CPU
		{FD9D97A3-53DD-46AF-A899-540E6BE146E4}.Release|Any CPU.ActiveCfg = Release|Any CPU
		{FD9D97A3-53DD-46AF-A899-540E6BE146E4}.Release|Any CPU.Build.0 = Release|Any CPU
		{74AE1C79-5580-4830-BD60-E71CB22FA81F}.Debug|Any CPU.ActiveCfg = Debug|Any CPU
		{74AE1C79-5580-4830-BD60-E71CB22FA81F}.Debug|Any CPU.Build.0 = Debug|Any CPU
		{74AE1C79-5580-4830-BD60-E71CB22FA81F}.Release|Any CPU.ActiveCfg = Release|Any CPU
		{74AE1C79-5580-4830-BD60-E71CB22FA81F}.Release|Any CPU.Build.0 = Release|Any CPU
		{7C606321-8483-4172-A7B5-B2724BB03476}.Debug|Any CPU.ActiveCfg = Debug|Any CPU
		{7C606321-8483-4172-A7B5-B2724BB03476}.Debug|Any CPU.Build.0 = Debug|Any CPU
		{7C606321-8483-4172-A7B5-B2724BB03476}.Release|Any CPU.ActiveCfg = Release|Any CPU
		{7C606321-8483-4172-A7B5-B2724BB03476}.Release|Any CPU.Build.0 = Release|Any CPU
	EndGlobalSection
	GlobalSection(SolutionProperties) = preSolution
		HideSolutionNode = FALSE
	EndGlobalSection
	GlobalSection(ExtensibilityGlobals) = postSolution
		SolutionGuid = {9572AACB-73D9-48CC-945F-FFB9A2DD6691}
	EndGlobalSection
EndGlobal
